// !$*UTF8*$!
{
	archiveVersion = 1;
	classes = {
	};
	objectVersion = 46;
	objects = {

/* Begin PBXBuildFile section */
		7104A5AC1C505A680080610C /* MethodSwizzlingViewController.m in Sources */ = {isa = PBXBuildFile; fileRef = 7104A5AB1C505A680080610C /* MethodSwizzlingViewController.m */; };
		7104A5AF1C505A9A0080610C /* UIViewController+Tracking.m in Sources */ = {isa = PBXBuildFile; fileRef = 7104A5AE1C505A9A0080610C /* UIViewController+Tracking.m */; };
		7104A5B31C505F2E0080610C /* RuntimeViewController.m in Sources */ = {isa = PBXBuildFile; fileRef = 7104A5B21C505F2E0080610C /* RuntimeViewController.m */; };
		7104A5B91C5064BA0080610C /* RuntimeClassVC.m in Sources */ = {isa = PBXBuildFile; fileRef = 7104A5B81C5064BA0080610C /* RuntimeClassVC.m */; };
		71131D291C40A29500E41DA5 /* ScrollViewController.m in Sources */ = {isa = PBXBuildFile; fileRef = 71131D281C40A29500E41DA5 /* ScrollViewController.m */; };
		71131D2E1C40A59C00E41DA5 /* scrollImg1.png in Resources */ = {isa = PBXBuildFile; fileRef = 71131D2A1C40A59C00E41DA5 /* scrollImg1.png */; };
		71131D2F1C40A59C00E41DA5 /* scrollImg2.png in Resources */ = {isa = PBXBuildFile; fileRef = 71131D2B1C40A59C00E41DA5 /* scrollImg2.png */; };
		71131D301C40A59C00E41DA5 /* scrollImg3.png in Resources */ = {isa = PBXBuildFile; fileRef = 71131D2C1C40A59C00E41DA5 /* scrollImg3.png */; };
		71131D311C40A59C00E41DA5 /* scrollImg4.png in Resources */ = {isa = PBXBuildFile; fileRef = 71131D2D1C40A59C00E41DA5 /* scrollImg4.png */; };
		71131D351C40BF0D00E41DA5 /* DeleteCookieAndCacheViewController.m in Sources */ = {isa = PBXBuildFile; fileRef = 71131D341C40BF0D00E41DA5 /* DeleteCookieAndCacheViewController.m */; };
		71131D3A1C40C72D00E41DA5 /* CodeAutoLayoutViewController.m in Sources */ = {isa = PBXBuildFile; fileRef = 71131D381C40C72D00E41DA5 /* CodeAutoLayoutViewController.m */; };
		71131D3B1C40C72D00E41DA5 /* CodeAutoLayoutViewController.xib in Resources */ = {isa = PBXBuildFile; fileRef = 71131D391C40C72D00E41DA5 /* CodeAutoLayoutViewController.xib */; };
		71131D3F1C40CEEE00E41DA5 /* CheckNetworkViewController.m in Sources */ = {isa = PBXBuildFile; fileRef = 71131D3E1C40CEEE00E41DA5 /* CheckNetworkViewController.m */; };
		71131D441C40D4B700E41DA5 /* Reachability.m in Sources */ = {isa = PBXBuildFile; fileRef = 71131D431C40D4B700E41DA5 /* Reachability.m */; };
		7128D9541C4F504100DDED05 /* UIView+ResponderChain.m in Sources */ = {isa = PBXBuildFile; fileRef = 7128D9531C4F504100DDED05 /* UIView+ResponderChain.m */; };
		7128D9571C4F514300DDED05 /* AView.m in Sources */ = {isa = PBXBuildFile; fileRef = 7128D9561C4F514300DDED05 /* AView.m */; };
		7128D95A1C4F515300DDED05 /* BView.m in Sources */ = {isa = PBXBuildFile; fileRef = 7128D9591C4F515300DDED05 /* BView.m */; };
		7128D95D1C4F515C00DDED05 /* CView.m in Sources */ = {isa = PBXBuildFile; fileRef = 7128D95C1C4F515C00DDED05 /* CView.m */; };
		7128D9601C4F516500DDED05 /* DView.m in Sources */ = {isa = PBXBuildFile; fileRef = 7128D95F1C4F516500DDED05 /* DView.m */; };
		7128D9641C4F519E00DDED05 /* ResponderChainViewController.m in Sources */ = {isa = PBXBuildFile; fileRef = 7128D9621C4F519E00DDED05 /* ResponderChainViewController.m */; };
		7128D9651C4F519E00DDED05 /* ResponderChainViewController.xib in Resources */ = {isa = PBXBuildFile; fileRef = 7128D9631C4F519E00DDED05 /* ResponderChainViewController.xib */; };
		7128D9681C4F7BAC00DDED05 /* GeneratorSequenceViewController.swift in Sources */ = {isa = PBXBuildFile; fileRef = 7128D9671C4F7BAC00DDED05 /* GeneratorSequenceViewController.swift */; };
		717D8EC11C75A6D9007CB655 /* CAShapeLayerViewController.m in Sources */ = {isa = PBXBuildFile; fileRef = 717D8EC01C75A6D9007CB655 /* CAShapeLayerViewController.m */; };
		7186A6741C7701D0009B5E7A /* AlIndicator.m in Sources */ = {isa = PBXBuildFile; fileRef = 7186A6731C7701D0009B5E7A /* AlIndicator.m */; };
		7188A0A51C448C6400027977 /* Model.xcdatamodeld in Sources */ = {isa = PBXBuildFile; fileRef = 7188A0A31C448C6400027977 /* Model.xcdatamodeld */; };
		7188A0A81C448E7700027977 /* CoreDataViewController.m in Sources */ = {isa = PBXBuildFile; fileRef = 7188A0A71C448E7700027977 /* CoreDataViewController.m */; };
		7188A0CB1C44975800027977 /* Person+CoreDataProperties.m in Sources */ = {isa = PBXBuildFile; fileRef = 7188A0C41C44975800027977 /* Person+CoreDataProperties.m */; };
		7188A0CC1C44975800027977 /* Person.m in Sources */ = {isa = PBXBuildFile; fileRef = 7188A0C61C44975800027977 /* Person.m */; };
		7188A0CD1C44975800027977 /* Card+CoreDataProperties.m in Sources */ = {isa = PBXBuildFile; fileRef = 7188A0C81C44975800027977 /* Card+CoreDataProperties.m */; };
		7188A0CE1C44975800027977 /* Card.m in Sources */ = {isa = PBXBuildFile; fileRef = 7188A0CA1C44975800027977 /* Card.m */; };
		71C765B41C43450200E6CA12 /* UINavigationBarViewController.m in Sources */ = {isa = PBXBuildFile; fileRef = 71C765B31C43450200E6CA12 /* UINavigationBarViewController.m */; };
		71C765BB1C43481200E6CA12 /* nav_bg_ios7@2x.png in Resources */ = {isa = PBXBuildFile; fileRef = 71C765B91C43481200E6CA12 /* nav_bg_ios7@2x.png */; };
		71C765BC1C43481200E6CA12 /* nav_bg@2x.png in Resources */ = {isa = PBXBuildFile; fileRef = 71C765BA1C43481200E6CA12 /* nav_bg@2x.png */; };
		71C765BF1C43484500E6CA12 /* nav_bg_ios7.png in Resources */ = {isa = PBXBuildFile; fileRef = 71C765BD1C43484500E6CA12 /* nav_bg_ios7.png */; };
		71C765C01C43484500E6CA12 /* nav_bg.png in Resources */ = {isa = PBXBuildFile; fileRef = 71C765BE1C43484500E6CA12 /* nav_bg.png */; };
		71C765C31C4348E000E6CA12 /* back_btn.png in Resources */ = {isa = PBXBuildFile; fileRef = 71C765C11C4348E000E6CA12 /* back_btn.png */; };
		71C765C41C4348E000E6CA12 /* back_btn@2x.png in Resources */ = {isa = PBXBuildFile; fileRef = 71C765C21C4348E000E6CA12 /* back_btn@2x.png */; };
		71C765C71C4349F100E6CA12 /* appcoda-logo.png in Resources */ = {isa = PBXBuildFile; fileRef = 71C765C51C4349F100E6CA12 /* appcoda-logo.png */; };
		71C765C81C4349F100E6CA12 /* appcoda-logo@2x.png in Resources */ = {isa = PBXBuildFile; fileRef = 71C765C61C4349F100E6CA12 /* appcoda-logo@2x.png */; };
		71C766041C4381FD00E6CA12 /* Assets.xcassets in Resources */ = {isa = PBXBuildFile; fileRef = 71C765FD1C4381FD00E6CA12 /* Assets.xcassets */; };
		71C766051C4381FD00E6CA12 /* LaunchScreen.storyboard in Resources */ = {isa = PBXBuildFile; fileRef = 71C765FE1C4381FD00E6CA12 /* LaunchScreen.storyboard */; };
		71C766061C4381FD00E6CA12 /* Main.storyboard in Resources */ = {isa = PBXBuildFile; fileRef = 71C766001C4381FD00E6CA12 /* Main.storyboard */; };
		71C766071C4381FD00E6CA12 /* Info.plist in Resources */ = {isa = PBXBuildFile; fileRef = 71C766021C4381FD00E6CA12 /* Info.plist */; };
		71C766081C4381FD00E6CA12 /* main.m in Sources */ = {isa = PBXBuildFile; fileRef = 71C766031C4381FD00E6CA12 /* main.m */; };
		71C7660D1C43823900E6CA12 /* AppDelegate.m in Sources */ = {isa = PBXBuildFile; fileRef = 71C7660A1C43823900E6CA12 /* AppDelegate.m */; };
		71C7660E1C43823900E6CA12 /* ViewController.m in Sources */ = {isa = PBXBuildFile; fileRef = 71C7660C1C43823900E6CA12 /* ViewController.m */; };
		71C766121C43920000E6CA12 /* NSURLConnectionViewController.m in Sources */ = {isa = PBXBuildFile; fileRef = 71C766111C43920000E6CA12 /* NSURLConnectionViewController.m */; };
		71C766171C439EC900E6CA12 /* APNSViewController.m in Sources */ = {isa = PBXBuildFile; fileRef = 71C766161C439EC900E6CA12 /* APNSViewController.m */; };
		71CDD4C11C4DD03200C8B3DE /* DeepSettingViewController.swift in Sources */ = {isa = PBXBuildFile; fileRef = 71CDD4C01C4DD03200C8B3DE /* DeepSettingViewController.swift */; };
		71CF7D711C55F3DF008A30BE /* calayer_avatar.png in Resources */ = {isa = PBXBuildFile; fileRef = 71CF7D681C55F3DF008A30BE /* calayer_avatar.png */; };
		71CF7D721C55F3DF008A30BE /* calayer_background.jpg in Resources */ = {isa = PBXBuildFile; fileRef = 71CF7D691C55F3DF008A30BE /* calayer_background.jpg */; };
		71CF7D731C55F3DF008A30BE /* KCLayer.m in Sources */ = {isa = PBXBuildFile; fileRef = 71CF7D6B1C55F3DF008A30BE /* KCLayer.m */; };
		71CF7D741C55F3DF008A30BE /* KCView.m in Sources */ = {isa = PBXBuildFile; fileRef = 71CF7D6D1C55F3DF008A30BE /* KCView.m */; };
		71CF7D751C55F3DF008A30BE /* AnimateLayerViewController.m in Sources */ = {isa = PBXBuildFile; fileRef = 71CF7D6F1C55F3DF008A30BE /* AnimateLayerViewController.m */; };
		71CF7D7A1C5623E9008A30BE /* TcpServer.m in Sources */ = {isa = PBXBuildFile; fileRef = 71CF7D791C5623E9008A30BE /* TcpServer.m */; };
		71CF7D7C1C562477008A30BE /* TcpClient.m in Sources */ = {isa = PBXBuildFile; fileRef = 71CF7D7B1C562477008A30BE /* TcpClient.m */; };
		71CF7D7E1C562510008A30BE /* UdpServer.m in Sources */ = {isa = PBXBuildFile; fileRef = 71CF7D7D1C562510008A30BE /* UdpServer.m */; };
		71CF7D801C562581008A30BE /* UdpClient.m in Sources */ = {isa = PBXBuildFile; fileRef = 71CF7D7F1C562581008A30BE /* UdpClient.m */; };
		71D5D5B51C473D5C00904EA1 /* CALayerViewController.m in Sources */ = {isa = PBXBuildFile; fileRef = 71D5D5B41C473D5C00904EA1 /* CALayerViewController.m */; };
		71D5D5B91C473FA700904EA1 /* contentsimg.jpg in Resources */ = {isa = PBXBuildFile; fileRef = 71D5D5B81C473FA700904EA1 /* contentsimg.jpg */; };
		71D8F0321C45EC3F00DF7EB5 /* NSXMLParserViewController.m in Sources */ = {isa = PBXBuildFile; fileRef = 71D8F0311C45EC3F00DF7EB5 /* NSXMLParserViewController.m */; };
		71D8F0361C46116C00DF7EB5 /* MailViewController.m in Sources */ = {isa = PBXBuildFile; fileRef = 71D8F0351C46116C00DF7EB5 /* MailViewController.m */; };
		71D8F0381C46144500DF7EB5 /* addPic.jpg in Resources */ = {isa = PBXBuildFile; fileRef = 71D8F0371C46144500DF7EB5 /* addPic.jpg */; };
		71D8F03A1C46156500DF7EB5 /* serverStartup.pdf in Resources */ = {isa = PBXBuildFile; fileRef = 71D8F0391C46156500DF7EB5 /* serverStartup.pdf */; };
		71EB0B491C3F4FAD00290797 /* uiimageviewmode.jpg in Resources */ = {isa = PBXBuildFile; fileRef = 71EB0B471C3F4FAD00290797 /* uiimageviewmode.jpg */; };
		71EB0B4A1C3F4FAD00290797 /* UIImageViewModeViewController.m in Sources */ = {isa = PBXBuildFile; fileRef = 71EB0B481C3F4FAD00290797 /* UIImageViewModeViewController.m */; };
		71EB0B521C3F50A800290797 /* InputAccessoryTableViewCell.m in Sources */ = {isa = PBXBuildFile; fileRef = 71EB0B511C3F50A800290797 /* InputAccessoryTableViewCell.m */; };
		71EB0B551C3F512000290797 /* InputAccessoryTableViewController.m in Sources */ = {isa = PBXBuildFile; fileRef = 71EB0B541C3F512000290797 /* InputAccessoryTableViewController.m */; };
		71EB0B581C3F527D00290797 /* UIImagePickerViewController.m in Sources */ = {isa = PBXBuildFile; fileRef = 71EB0B571C3F527D00290797 /* UIImagePickerViewController.m */; };
		71EB0B5F1C3FA73000290797 /* DelaysContentTouchesTableView.m in Sources */ = {isa = PBXBuildFile; fileRef = 71EB0B5E1C3FA73000290797 /* DelaysContentTouchesTableView.m */; };
		71EB0B631C3FA89D00290797 /* DelaysContentTouchesTableViewCell.m in Sources */ = {isa = PBXBuildFile; fileRef = 71EB0B611C3FA89D00290797 /* DelaysContentTouchesTableViewCell.m */; };
		71EB0B641C3FA89D00290797 /* DelaysContentTouchesTableViewCell.xib in Resources */ = {isa = PBXBuildFile; fileRef = 71EB0B621C3FA89D00290797 /* DelaysContentTouchesTableViewCell.xib */; };
		71EB0B681C3FA93F00290797 /* DelaysContentTouchesTableViewController.m in Sources */ = {isa = PBXBuildFile; fileRef = 71EB0B661C3FA93F00290797 /* DelaysContentTouchesTableViewController.m */; };
		71EB0B691C3FA93F00290797 /* DelaysContentTouchesTableViewController.xib in Resources */ = {isa = PBXBuildFile; fileRef = 71EB0B671C3FA93F00290797 /* DelaysContentTouchesTableViewController.xib */; };
		AE02606A1CA00325007C770C /* UIKitAnimation.storyboard in Resources */ = {isa = PBXBuildFile; fileRef = AE0260641CA00325007C770C /* UIKitAnimation.storyboard */; };
		AE02606B1CA00325007C770C /* UIKitAnimation.xcassets in Resources */ = {isa = PBXBuildFile; fileRef = AE0260651CA00325007C770C /* UIKitAnimation.xcassets */; };
		AE02606C1CA00325007C770C /* UIKitAnimationVC1.swift in Sources */ = {isa = PBXBuildFile; fileRef = AE0260661CA00325007C770C /* UIKitAnimationVC1.swift */; };
		AE02606D1CA00325007C770C /* UIKitAnimationVC2.swift in Sources */ = {isa = PBXBuildFile; fileRef = AE0260671CA00325007C770C /* UIKitAnimationVC2.swift */; };
		AE02606E1CA00325007C770C /* UIKitAnimationVC3.swift in Sources */ = {isa = PBXBuildFile; fileRef = AE0260681CA00325007C770C /* UIKitAnimationVC3.swift */; };
		AE02606F1CA00325007C770C /* UIKitAnimationVC4.swift in Sources */ = {isa = PBXBuildFile; fileRef = AE0260691CA00325007C770C /* UIKitAnimationVC4.swift */; };
		AE2F5C281CA29E9100A01926 /* UILabel+DynamicHeight.m in Sources */ = {isa = PBXBuildFile; fileRef = AE2F5C271CA29E9100A01926 /* UILabel+DynamicHeight.m */; };
		AEE818641C9AA6C100FC4E22 /* EqualGap.storyboard in Resources */ = {isa = PBXBuildFile; fileRef = AEE818631C9AA6C100FC4E22 /* EqualGap.storyboard */; };
/* End PBXBuildFile section */

/* Begin PBXFileReference section */
		7104A5AA1C505A680080610C /* MethodSwizzlingViewController.h */ = {isa = PBXFileReference; fileEncoding = 4; lastKnownFileType = sourcecode.c.h; path = MethodSwizzlingViewController.h; sourceTree = "<group>"; };
		7104A5AB1C505A680080610C /* MethodSwizzlingViewController.m */ = {isa = PBXFileReference; fileEncoding = 4; lastKnownFileType = sourcecode.c.objc; path = MethodSwizzlingViewController.m; sourceTree = "<group>"; };
		7104A5AD1C505A9A0080610C /* UIViewController+Tracking.h */ = {isa = PBXFileReference; fileEncoding = 4; lastKnownFileType = sourcecode.c.h; path = "UIViewController+Tracking.h"; sourceTree = "<group>"; };
		7104A5AE1C505A9A0080610C /* UIViewController+Tracking.m */ = {isa = PBXFileReference; fileEncoding = 4; lastKnownFileType = sourcecode.c.objc; path = "UIViewController+Tracking.m"; sourceTree = "<group>"; };
		7104A5B11C505F2E0080610C /* RuntimeViewController.h */ = {isa = PBXFileReference; fileEncoding = 4; lastKnownFileType = sourcecode.c.h; path = RuntimeViewController.h; sourceTree = "<group>"; };
		7104A5B21C505F2E0080610C /* RuntimeViewController.m */ = {isa = PBXFileReference; fileEncoding = 4; lastKnownFileType = sourcecode.c.objc; path = RuntimeViewController.m; sourceTree = "<group>"; };
		7104A5B71C5064BA0080610C /* RuntimeClassVC.h */ = {isa = PBXFileReference; fileEncoding = 4; lastKnownFileType = sourcecode.c.h; path = RuntimeClassVC.h; sourceTree = "<group>"; };
		7104A5B81C5064BA0080610C /* RuntimeClassVC.m */ = {isa = PBXFileReference; fileEncoding = 4; lastKnownFileType = sourcecode.c.objc; path = RuntimeClassVC.m; sourceTree = "<group>"; };
		71131D271C40A29500E41DA5 /* ScrollViewController.h */ = {isa = PBXFileReference; fileEncoding = 4; lastKnownFileType = sourcecode.c.h; path = ScrollViewController.h; sourceTree = "<group>"; };
		71131D281C40A29500E41DA5 /* ScrollViewController.m */ = {isa = PBXFileReference; fileEncoding = 4; lastKnownFileType = sourcecode.c.objc; path = ScrollViewController.m; sourceTree = "<group>"; };
		71131D2A1C40A59C00E41DA5 /* scrollImg1.png */ = {isa = PBXFileReference; lastKnownFileType = image.png; path = scrollImg1.png; sourceTree = "<group>"; };
		71131D2B1C40A59C00E41DA5 /* scrollImg2.png */ = {isa = PBXFileReference; lastKnownFileType = image.png; path = scrollImg2.png; sourceTree = "<group>"; };
		71131D2C1C40A59C00E41DA5 /* scrollImg3.png */ = {isa = PBXFileReference; lastKnownFileType = image.png; path = scrollImg3.png; sourceTree = "<group>"; };
		71131D2D1C40A59C00E41DA5 /* scrollImg4.png */ = {isa = PBXFileReference; lastKnownFileType = image.png; path = scrollImg4.png; sourceTree = "<group>"; };
		71131D331C40BF0D00E41DA5 /* DeleteCookieAndCacheViewController.h */ = {isa = PBXFileReference; fileEncoding = 4; lastKnownFileType = sourcecode.c.h; path = DeleteCookieAndCacheViewController.h; sourceTree = "<group>"; };
		71131D341C40BF0D00E41DA5 /* DeleteCookieAndCacheViewController.m */ = {isa = PBXFileReference; fileEncoding = 4; lastKnownFileType = sourcecode.c.objc; path = DeleteCookieAndCacheViewController.m; sourceTree = "<group>"; };
		71131D371C40C72D00E41DA5 /* CodeAutoLayoutViewController.h */ = {isa = PBXFileReference; fileEncoding = 4; lastKnownFileType = sourcecode.c.h; path = CodeAutoLayoutViewController.h; sourceTree = "<group>"; };
		71131D381C40C72D00E41DA5 /* CodeAutoLayoutViewController.m */ = {isa = PBXFileReference; fileEncoding = 4; lastKnownFileType = sourcecode.c.objc; path = CodeAutoLayoutViewController.m; sourceTree = "<group>"; };
		71131D391C40C72D00E41DA5 /* CodeAutoLayoutViewController.xib */ = {isa = PBXFileReference; fileEncoding = 4; lastKnownFileType = file.xib; path = CodeAutoLayoutViewController.xib; sourceTree = "<group>"; };
		71131D3D1C40CEEE00E41DA5 /* CheckNetworkViewController.h */ = {isa = PBXFileReference; fileEncoding = 4; lastKnownFileType = sourcecode.c.h; path = CheckNetworkViewController.h; sourceTree = "<group>"; };
		71131D3E1C40CEEE00E41DA5 /* CheckNetworkViewController.m */ = {isa = PBXFileReference; fileEncoding = 4; lastKnownFileType = sourcecode.c.objc; path = CheckNetworkViewController.m; sourceTree = "<group>"; };
		71131D421C40D4B700E41DA5 /* Reachability.h */ = {isa = PBXFileReference; fileEncoding = 4; lastKnownFileType = sourcecode.c.h; path = Reachability.h; sourceTree = "<group>"; };
		71131D431C40D4B700E41DA5 /* Reachability.m */ = {isa = PBXFileReference; fileEncoding = 4; lastKnownFileType = sourcecode.c.objc; path = Reachability.m; sourceTree = "<group>"; };
		7128D9521C4F504100DDED05 /* UIView+ResponderChain.h */ = {isa = PBXFileReference; fileEncoding = 4; lastKnownFileType = sourcecode.c.h; path = "UIView+ResponderChain.h"; sourceTree = "<group>"; };
		7128D9531C4F504100DDED05 /* UIView+ResponderChain.m */ = {isa = PBXFileReference; fileEncoding = 4; lastKnownFileType = sourcecode.c.objc; path = "UIView+ResponderChain.m"; sourceTree = "<group>"; };
		7128D9551C4F514300DDED05 /* AView.h */ = {isa = PBXFileReference; fileEncoding = 4; lastKnownFileType = sourcecode.c.h; path = AView.h; sourceTree = "<group>"; };
		7128D9561C4F514300DDED05 /* AView.m */ = {isa = PBXFileReference; fileEncoding = 4; lastKnownFileType = sourcecode.c.objc; path = AView.m; sourceTree = "<group>"; };
		7128D9581C4F515300DDED05 /* BView.h */ = {isa = PBXFileReference; fileEncoding = 4; lastKnownFileType = sourcecode.c.h; path = BView.h; sourceTree = "<group>"; };
		7128D9591C4F515300DDED05 /* BView.m */ = {isa = PBXFileReference; fileEncoding = 4; lastKnownFileType = sourcecode.c.objc; path = BView.m; sourceTree = "<group>"; };
		7128D95B1C4F515C00DDED05 /* CView.h */ = {isa = PBXFileReference; fileEncoding = 4; lastKnownFileType = sourcecode.c.h; path = CView.h; sourceTree = "<group>"; };
		7128D95C1C4F515C00DDED05 /* CView.m */ = {isa = PBXFileReference; fileEncoding = 4; lastKnownFileType = sourcecode.c.objc; path = CView.m; sourceTree = "<group>"; };
		7128D95E1C4F516500DDED05 /* DView.h */ = {isa = PBXFileReference; fileEncoding = 4; lastKnownFileType = sourcecode.c.h; path = DView.h; sourceTree = "<group>"; };
		7128D95F1C4F516500DDED05 /* DView.m */ = {isa = PBXFileReference; fileEncoding = 4; lastKnownFileType = sourcecode.c.objc; path = DView.m; sourceTree = "<group>"; };
		7128D9611C4F519E00DDED05 /* ResponderChainViewController.h */ = {isa = PBXFileReference; fileEncoding = 4; lastKnownFileType = sourcecode.c.h; path = ResponderChainViewController.h; sourceTree = "<group>"; };
		7128D9621C4F519E00DDED05 /* ResponderChainViewController.m */ = {isa = PBXFileReference; fileEncoding = 4; lastKnownFileType = sourcecode.c.objc; path = ResponderChainViewController.m; sourceTree = "<group>"; };
		7128D9631C4F519E00DDED05 /* ResponderChainViewController.xib */ = {isa = PBXFileReference; fileEncoding = 4; lastKnownFileType = file.xib; path = ResponderChainViewController.xib; sourceTree = "<group>"; };
		7128D9671C4F7BAC00DDED05 /* GeneratorSequenceViewController.swift */ = {isa = PBXFileReference; fileEncoding = 4; lastKnownFileType = sourcecode.swift; path = GeneratorSequenceViewController.swift; sourceTree = "<group>"; };
		717D8EBF1C75A6D9007CB655 /* CAShapeLayerViewController.h */ = {isa = PBXFileReference; fileEncoding = 4; lastKnownFileType = sourcecode.c.h; path = CAShapeLayerViewController.h; sourceTree = "<group>"; };
		717D8EC01C75A6D9007CB655 /* CAShapeLayerViewController.m */ = {isa = PBXFileReference; fileEncoding = 4; lastKnownFileType = sourcecode.c.objc; path = CAShapeLayerViewController.m; sourceTree = "<group>"; };
		7186A6721C7701D0009B5E7A /* AlIndicator.h */ = {isa = PBXFileReference; fileEncoding = 4; lastKnownFileType = sourcecode.c.h; path = AlIndicator.h; sourceTree = "<group>"; };
		7186A6731C7701D0009B5E7A /* AlIndicator.m */ = {isa = PBXFileReference; fileEncoding = 4; lastKnownFileType = sourcecode.c.objc; path = AlIndicator.m; sourceTree = "<group>"; };
		7188A0A41C448C6400027977 /* Model.xcdatamodel */ = {isa = PBXFileReference; lastKnownFileType = wrapper.xcdatamodel; path = Model.xcdatamodel; sourceTree = "<group>"; };
		7188A0A61C448E7700027977 /* CoreDataViewController.h */ = {isa = PBXFileReference; fileEncoding = 4; lastKnownFileType = sourcecode.c.h; path = CoreDataViewController.h; sourceTree = "<group>"; };
		7188A0A71C448E7700027977 /* CoreDataViewController.m */ = {isa = PBXFileReference; fileEncoding = 4; lastKnownFileType = sourcecode.c.objc; path = CoreDataViewController.m; sourceTree = "<group>"; };
		7188A0C31C44975800027977 /* Person+CoreDataProperties.h */ = {isa = PBXFileReference; fileEncoding = 4; lastKnownFileType = sourcecode.c.h; path = "Person+CoreDataProperties.h"; sourceTree = "<group>"; };
		7188A0C41C44975800027977 /* Person+CoreDataProperties.m */ = {isa = PBXFileReference; fileEncoding = 4; lastKnownFileType = sourcecode.c.objc; path = "Person+CoreDataProperties.m"; sourceTree = "<group>"; };
		7188A0C51C44975800027977 /* Person.h */ = {isa = PBXFileReference; fileEncoding = 4; lastKnownFileType = sourcecode.c.h; path = Person.h; sourceTree = "<group>"; };
		7188A0C61C44975800027977 /* Person.m */ = {isa = PBXFileReference; fileEncoding = 4; lastKnownFileType = sourcecode.c.objc; path = Person.m; sourceTree = "<group>"; };
		7188A0C71C44975800027977 /* Card+CoreDataProperties.h */ = {isa = PBXFileReference; fileEncoding = 4; lastKnownFileType = sourcecode.c.h; path = "Card+CoreDataProperties.h"; sourceTree = "<group>"; };
		7188A0C81C44975800027977 /* Card+CoreDataProperties.m */ = {isa = PBXFileReference; fileEncoding = 4; lastKnownFileType = sourcecode.c.objc; path = "Card+CoreDataProperties.m"; sourceTree = "<group>"; };
		7188A0C91C44975800027977 /* Card.h */ = {isa = PBXFileReference; fileEncoding = 4; lastKnownFileType = sourcecode.c.h; path = Card.h; sourceTree = "<group>"; };
		7188A0CA1C44975800027977 /* Card.m */ = {isa = PBXFileReference; fileEncoding = 4; lastKnownFileType = sourcecode.c.objc; path = Card.m; sourceTree = "<group>"; };
		71C765B21C43450200E6CA12 /* UINavigationBarViewController.h */ = {isa = PBXFileReference; fileEncoding = 4; lastKnownFileType = sourcecode.c.h; path = UINavigationBarViewController.h; sourceTree = "<group>"; };
		71C765B31C43450200E6CA12 /* UINavigationBarViewController.m */ = {isa = PBXFileReference; fileEncoding = 4; lastKnownFileType = sourcecode.c.objc; path = UINavigationBarViewController.m; sourceTree = "<group>"; };
		71C765B91C43481200E6CA12 /* nav_bg_ios7@2x.png */ = {isa = PBXFileReference; lastKnownFileType = image.png; path = "nav_bg_ios7@2x.png"; sourceTree = "<group>"; };
		71C765BA1C43481200E6CA12 /* nav_bg@2x.png */ = {isa = PBXFileReference; lastKnownFileType = image.png; path = "nav_bg@2x.png"; sourceTree = "<group>"; };
		71C765BD1C43484500E6CA12 /* nav_bg_ios7.png */ = {isa = PBXFileReference; lastKnownFileType = image.png; path = nav_bg_ios7.png; sourceTree = "<group>"; };
		71C765BE1C43484500E6CA12 /* nav_bg.png */ = {isa = PBXFileReference; lastKnownFileType = image.png; path = nav_bg.png; sourceTree = "<group>"; };
		71C765C11C4348E000E6CA12 /* back_btn.png */ = {isa = PBXFileReference; lastKnownFileType = image.png; path = back_btn.png; sourceTree = "<group>"; };
		71C765C21C4348E000E6CA12 /* back_btn@2x.png */ = {isa = PBXFileReference; lastKnownFileType = image.png; path = "back_btn@2x.png"; sourceTree = "<group>"; };
		71C765C51C4349F100E6CA12 /* appcoda-logo.png */ = {isa = PBXFileReference; lastKnownFileType = image.png; path = "appcoda-logo.png"; sourceTree = "<group>"; };
		71C765C61C4349F100E6CA12 /* appcoda-logo@2x.png */ = {isa = PBXFileReference; lastKnownFileType = image.png; path = "appcoda-logo@2x.png"; sourceTree = "<group>"; };
		71C765FD1C4381FD00E6CA12 /* Assets.xcassets */ = {isa = PBXFileReference; lastKnownFileType = folder.assetcatalog; path = Assets.xcassets; sourceTree = "<group>"; };
		71C765FF1C4381FD00E6CA12 /* Base */ = {isa = PBXFileReference; lastKnownFileType = file.storyboard; name = Base; path = Base.lproj/LaunchScreen.storyboard; sourceTree = "<group>"; };
		71C766011C4381FD00E6CA12 /* Base */ = {isa = PBXFileReference; lastKnownFileType = file.storyboard; name = Base; path = Base.lproj/Main.storyboard; sourceTree = "<group>"; };
		71C766021C4381FD00E6CA12 /* Info.plist */ = {isa = PBXFileReference; fileEncoding = 4; lastKnownFileType = text.plist.xml; path = Info.plist; sourceTree = "<group>"; };
		71C766031C4381FD00E6CA12 /* main.m */ = {isa = PBXFileReference; fileEncoding = 4; lastKnownFileType = sourcecode.c.objc; path = main.m; sourceTree = "<group>"; };
		71C766091C43823900E6CA12 /* AppDelegate.h */ = {isa = PBXFileReference; fileEncoding = 4; lastKnownFileType = sourcecode.c.h; path = AppDelegate.h; sourceTree = "<group>"; };
		71C7660A1C43823900E6CA12 /* AppDelegate.m */ = {isa = PBXFileReference; fileEncoding = 4; lastKnownFileType = sourcecode.c.objc; path = AppDelegate.m; sourceTree = "<group>"; };
		71C7660B1C43823900E6CA12 /* ViewController.h */ = {isa = PBXFileReference; fileEncoding = 4; lastKnownFileType = sourcecode.c.h; path = ViewController.h; sourceTree = "<group>"; };
		71C7660C1C43823900E6CA12 /* ViewController.m */ = {isa = PBXFileReference; fileEncoding = 4; lastKnownFileType = sourcecode.c.objc; path = ViewController.m; sourceTree = "<group>"; };
		71C766101C43920000E6CA12 /* NSURLConnectionViewController.h */ = {isa = PBXFileReference; fileEncoding = 4; lastKnownFileType = sourcecode.c.h; path = NSURLConnectionViewController.h; sourceTree = "<group>"; };
		71C766111C43920000E6CA12 /* NSURLConnectionViewController.m */ = {isa = PBXFileReference; fileEncoding = 4; lastKnownFileType = sourcecode.c.objc; path = NSURLConnectionViewController.m; sourceTree = "<group>"; };
		71C766151C439EC900E6CA12 /* APNSViewController.h */ = {isa = PBXFileReference; fileEncoding = 4; lastKnownFileType = sourcecode.c.h; path = APNSViewController.h; sourceTree = "<group>"; };
		71C766161C439EC900E6CA12 /* APNSViewController.m */ = {isa = PBXFileReference; fileEncoding = 4; lastKnownFileType = sourcecode.c.objc; path = APNSViewController.m; sourceTree = "<group>"; };
		71CDD4C01C4DD03200C8B3DE /* DeepSettingViewController.swift */ = {isa = PBXFileReference; fileEncoding = 4; lastKnownFileType = sourcecode.swift; path = DeepSettingViewController.swift; sourceTree = "<group>"; };
		71CDD4C21C4DD05E00C8B3DE /* CodeSnippets-Bridging-Header.h */ = {isa = PBXFileReference; fileEncoding = 4; lastKnownFileType = sourcecode.c.h; path = "CodeSnippets-Bridging-Header.h"; sourceTree = "<group>"; };
		71CF7D681C55F3DF008A30BE /* calayer_avatar.png */ = {isa = PBXFileReference; lastKnownFileType = image.png; path = calayer_avatar.png; sourceTree = "<group>"; };
		71CF7D691C55F3DF008A30BE /* calayer_background.jpg */ = {isa = PBXFileReference; lastKnownFileType = image.jpeg; path = calayer_background.jpg; sourceTree = "<group>"; };
		71CF7D6A1C55F3DF008A30BE /* KCLayer.h */ = {isa = PBXFileReference; fileEncoding = 4; lastKnownFileType = sourcecode.c.h; path = KCLayer.h; sourceTree = "<group>"; };
		71CF7D6B1C55F3DF008A30BE /* KCLayer.m */ = {isa = PBXFileReference; fileEncoding = 4; lastKnownFileType = sourcecode.c.objc; path = KCLayer.m; sourceTree = "<group>"; };
		71CF7D6C1C55F3DF008A30BE /* KCView.h */ = {isa = PBXFileReference; fileEncoding = 4; lastKnownFileType = sourcecode.c.h; path = KCView.h; sourceTree = "<group>"; };
		71CF7D6D1C55F3DF008A30BE /* KCView.m */ = {isa = PBXFileReference; fileEncoding = 4; lastKnownFileType = sourcecode.c.objc; path = KCView.m; sourceTree = "<group>"; };
		71CF7D6E1C55F3DF008A30BE /* AnimateLayerViewController.h */ = {isa = PBXFileReference; fileEncoding = 4; lastKnownFileType = sourcecode.c.h; path = AnimateLayerViewController.h; sourceTree = "<group>"; };
		71CF7D6F1C55F3DF008A30BE /* AnimateLayerViewController.m */ = {isa = PBXFileReference; fileEncoding = 4; lastKnownFileType = sourcecode.c.objc; path = AnimateLayerViewController.m; sourceTree = "<group>"; };
		71CF7D791C5623E9008A30BE /* TcpServer.m */ = {isa = PBXFileReference; fileEncoding = 4; lastKnownFileType = sourcecode.c.objc; path = TcpServer.m; sourceTree = "<group>"; };
		71CF7D7B1C562477008A30BE /* TcpClient.m */ = {isa = PBXFileReference; fileEncoding = 4; lastKnownFileType = sourcecode.c.objc; path = TcpClient.m; sourceTree = "<group>"; };
		71CF7D7D1C562510008A30BE /* UdpServer.m */ = {isa = PBXFileReference; fileEncoding = 4; lastKnownFileType = sourcecode.c.objc; path = UdpServer.m; sourceTree = "<group>"; };
		71CF7D7F1C562581008A30BE /* UdpClient.m */ = {isa = PBXFileReference; fileEncoding = 4; lastKnownFileType = sourcecode.c.objc; path = UdpClient.m; sourceTree = "<group>"; };
		71D5D5B31C473D5C00904EA1 /* CALayerViewController.h */ = {isa = PBXFileReference; fileEncoding = 4; lastKnownFileType = sourcecode.c.h; path = CALayerViewController.h; sourceTree = "<group>"; };
		71D5D5B41C473D5C00904EA1 /* CALayerViewController.m */ = {isa = PBXFileReference; fileEncoding = 4; lastKnownFileType = sourcecode.c.objc; path = CALayerViewController.m; sourceTree = "<group>"; };
		71D5D5B81C473FA700904EA1 /* contentsimg.jpg */ = {isa = PBXFileReference; lastKnownFileType = image.jpeg; path = contentsimg.jpg; sourceTree = "<group>"; };
		71D8F0301C45EC3F00DF7EB5 /* NSXMLParserViewController.h */ = {isa = PBXFileReference; fileEncoding = 4; lastKnownFileType = sourcecode.c.h; path = NSXMLParserViewController.h; sourceTree = "<group>"; };
		71D8F0311C45EC3F00DF7EB5 /* NSXMLParserViewController.m */ = {isa = PBXFileReference; fileEncoding = 4; lastKnownFileType = sourcecode.c.objc; path = NSXMLParserViewController.m; sourceTree = "<group>"; };
		71D8F0341C46116C00DF7EB5 /* MailViewController.h */ = {isa = PBXFileReference; fileEncoding = 4; lastKnownFileType = sourcecode.c.h; path = MailViewController.h; sourceTree = "<group>"; };
		71D8F0351C46116C00DF7EB5 /* MailViewController.m */ = {isa = PBXFileReference; fileEncoding = 4; lastKnownFileType = sourcecode.c.objc; path = MailViewController.m; sourceTree = "<group>"; };
		71D8F0371C46144500DF7EB5 /* addPic.jpg */ = {isa = PBXFileReference; lastKnownFileType = image.jpeg; path = addPic.jpg; sourceTree = "<group>"; };
		71D8F0391C46156500DF7EB5 /* serverStartup.pdf */ = {isa = PBXFileReference; lastKnownFileType = image.pdf; path = serverStartup.pdf; sourceTree = "<group>"; };
		71EB0B251C3F4DC000290797 /* CodeSnippets.app */ = {isa = PBXFileReference; explicitFileType = wrapper.application; includeInIndex = 0; path = CodeSnippets.app; sourceTree = BUILT_PRODUCTS_DIR; };
		71EB0B461C3F4FAD00290797 /* UIImageViewModeViewController.h */ = {isa = PBXFileReference; fileEncoding = 4; lastKnownFileType = sourcecode.c.h; path = UIImageViewModeViewController.h; sourceTree = "<group>"; };
		71EB0B471C3F4FAD00290797 /* uiimageviewmode.jpg */ = {isa = PBXFileReference; lastKnownFileType = image.jpeg; path = uiimageviewmode.jpg; sourceTree = "<group>"; };
		71EB0B481C3F4FAD00290797 /* UIImageViewModeViewController.m */ = {isa = PBXFileReference; fileEncoding = 4; lastKnownFileType = sourcecode.c.objc; path = UIImageViewModeViewController.m; sourceTree = "<group>"; };
		71EB0B501C3F50A800290797 /* InputAccessoryTableViewCell.h */ = {isa = PBXFileReference; fileEncoding = 4; lastKnownFileType = sourcecode.c.h; path = InputAccessoryTableViewCell.h; sourceTree = "<group>"; };
		71EB0B511C3F50A800290797 /* InputAccessoryTableViewCell.m */ = {isa = PBXFileReference; fileEncoding = 4; lastKnownFileType = sourcecode.c.objc; path = InputAccessoryTableViewCell.m; sourceTree = "<group>"; };
		71EB0B531C3F512000290797 /* InputAccessoryTableViewController.h */ = {isa = PBXFileReference; fileEncoding = 4; lastKnownFileType = sourcecode.c.h; path = InputAccessoryTableViewController.h; sourceTree = "<group>"; };
		71EB0B541C3F512000290797 /* InputAccessoryTableViewController.m */ = {isa = PBXFileReference; fileEncoding = 4; lastKnownFileType = sourcecode.c.objc; path = InputAccessoryTableViewController.m; sourceTree = "<group>"; };
		71EB0B561C3F527D00290797 /* UIImagePickerViewController.h */ = {isa = PBXFileReference; fileEncoding = 4; lastKnownFileType = sourcecode.c.h; path = UIImagePickerViewController.h; sourceTree = "<group>"; };
		71EB0B571C3F527D00290797 /* UIImagePickerViewController.m */ = {isa = PBXFileReference; fileEncoding = 4; lastKnownFileType = sourcecode.c.objc; path = UIImagePickerViewController.m; sourceTree = "<group>"; };
		71EB0B5D1C3FA73000290797 /* DelaysContentTouchesTableView.h */ = {isa = PBXFileReference; fileEncoding = 4; lastKnownFileType = sourcecode.c.h; path = DelaysContentTouchesTableView.h; sourceTree = "<group>"; };
		71EB0B5E1C3FA73000290797 /* DelaysContentTouchesTableView.m */ = {isa = PBXFileReference; fileEncoding = 4; lastKnownFileType = sourcecode.c.objc; path = DelaysContentTouchesTableView.m; sourceTree = "<group>"; };
		71EB0B601C3FA89D00290797 /* DelaysContentTouchesTableViewCell.h */ = {isa = PBXFileReference; fileEncoding = 4; lastKnownFileType = sourcecode.c.h; path = DelaysContentTouchesTableViewCell.h; sourceTree = "<group>"; };
		71EB0B611C3FA89D00290797 /* DelaysContentTouchesTableViewCell.m */ = {isa = PBXFileReference; fileEncoding = 4; lastKnownFileType = sourcecode.c.objc; path = DelaysContentTouchesTableViewCell.m; sourceTree = "<group>"; };
		71EB0B621C3FA89D00290797 /* DelaysContentTouchesTableViewCell.xib */ = {isa = PBXFileReference; fileEncoding = 4; lastKnownFileType = file.xib; path = DelaysContentTouchesTableViewCell.xib; sourceTree = "<group>"; };
		71EB0B651C3FA93F00290797 /* DelaysContentTouchesTableViewController.h */ = {isa = PBXFileReference; fileEncoding = 4; lastKnownFileType = sourcecode.c.h; path = DelaysContentTouchesTableViewController.h; sourceTree = "<group>"; };
		71EB0B661C3FA93F00290797 /* DelaysContentTouchesTableViewController.m */ = {isa = PBXFileReference; fileEncoding = 4; lastKnownFileType = sourcecode.c.objc; path = DelaysContentTouchesTableViewController.m; sourceTree = "<group>"; };
		71EB0B671C3FA93F00290797 /* DelaysContentTouchesTableViewController.xib */ = {isa = PBXFileReference; fileEncoding = 4; lastKnownFileType = file.xib; path = DelaysContentTouchesTableViewController.xib; sourceTree = "<group>"; };
		AE0260641CA00325007C770C /* UIKitAnimation.storyboard */ = {isa = PBXFileReference; fileEncoding = 4; lastKnownFileType = file.storyboard; path = UIKitAnimation.storyboard; sourceTree = "<group>"; };
		AE0260651CA00325007C770C /* UIKitAnimation.xcassets */ = {isa = PBXFileReference; lastKnownFileType = folder.assetcatalog; path = UIKitAnimation.xcassets; sourceTree = "<group>"; };
		AE0260661CA00325007C770C /* UIKitAnimationVC1.swift */ = {isa = PBXFileReference; fileEncoding = 4; lastKnownFileType = sourcecode.swift; path = UIKitAnimationVC1.swift; sourceTree = "<group>"; };
		AE0260671CA00325007C770C /* UIKitAnimationVC2.swift */ = {isa = PBXFileReference; fileEncoding = 4; lastKnownFileType = sourcecode.swift; path = UIKitAnimationVC2.swift; sourceTree = "<group>"; };
		AE0260681CA00325007C770C /* UIKitAnimationVC3.swift */ = {isa = PBXFileReference; fileEncoding = 4; lastKnownFileType = sourcecode.swift; path = UIKitAnimationVC3.swift; sourceTree = "<group>"; };
		AE0260691CA00325007C770C /* UIKitAnimationVC4.swift */ = {isa = PBXFileReference; fileEncoding = 4; lastKnownFileType = sourcecode.swift; path = UIKitAnimationVC4.swift; sourceTree = "<group>"; };
		AE2F5C261CA29E9100A01926 /* UILabel+DynamicHeight.h */ = {isa = PBXFileReference; fileEncoding = 4; lastKnownFileType = sourcecode.c.h; path = "UILabel+DynamicHeight.h"; sourceTree = "<group>"; };
		AE2F5C271CA29E9100A01926 /* UILabel+DynamicHeight.m */ = {isa = PBXFileReference; fileEncoding = 4; lastKnownFileType = sourcecode.c.objc; path = "UILabel+DynamicHeight.m"; sourceTree = "<group>"; };
		AEE818631C9AA6C100FC4E22 /* EqualGap.storyboard */ = {isa = PBXFileReference; fileEncoding = 4; lastKnownFileType = file.storyboard; path = EqualGap.storyboard; sourceTree = "<group>"; };
/* End PBXFileReference section */

/* Begin PBXFrameworksBuildPhase section */
		71EB0B221C3F4DC000290797 /* Frameworks */ = {
			isa = PBXFrameworksBuildPhase;
			buildActionMask = 2147483647;
			files = (
			);
			runOnlyForDeploymentPostprocessing = 0;
		};
/* End PBXFrameworksBuildPhase section */

/* Begin PBXGroup section */
		7104A5A91C505A500080610C /* MethodSwizzling */ = {
			isa = PBXGroup;
			children = (
				7104A5AA1C505A680080610C /* MethodSwizzlingViewController.h */,
				7104A5AB1C505A680080610C /* MethodSwizzlingViewController.m */,
				7104A5AD1C505A9A0080610C /* UIViewController+Tracking.h */,
				7104A5AE1C505A9A0080610C /* UIViewController+Tracking.m */,
			);
			path = MethodSwizzling;
			sourceTree = "<group>";
		};
		7104A5B01C505D090080610C /* Runtime */ = {
			isa = PBXGroup;
			children = (
				7104A5B11C505F2E0080610C /* RuntimeViewController.h */,
				7104A5B21C505F2E0080610C /* RuntimeViewController.m */,
				7104A5B71C5064BA0080610C /* RuntimeClassVC.h */,
				7104A5B81C5064BA0080610C /* RuntimeClassVC.m */,
			);
			path = Runtime;
			sourceTree = "<group>";
		};
		71131D261C40A26600E41DA5 /* UIScrollView */ = {
			isa = PBXGroup;
			children = (
				71131D2A1C40A59C00E41DA5 /* scrollImg1.png */,
				71131D2B1C40A59C00E41DA5 /* scrollImg2.png */,
				71131D2C1C40A59C00E41DA5 /* scrollImg3.png */,
				71131D2D1C40A59C00E41DA5 /* scrollImg4.png */,
				71131D271C40A29500E41DA5 /* ScrollViewController.h */,
				71131D281C40A29500E41DA5 /* ScrollViewController.m */,
			);
			path = UIScrollView;
			sourceTree = "<group>";
		};
		71131D321C40BE4200E41DA5 /* DeleteCookieAndCache */ = {
			isa = PBXGroup;
			children = (
				71131D331C40BF0D00E41DA5 /* DeleteCookieAndCacheViewController.h */,
				71131D341C40BF0D00E41DA5 /* DeleteCookieAndCacheViewController.m */,
			);
			path = DeleteCookieAndCache;
			sourceTree = "<group>";
		};
		71131D361C40C6AC00E41DA5 /* CodeAutoLayout */ = {
			isa = PBXGroup;
			children = (
				71131D371C40C72D00E41DA5 /* CodeAutoLayoutViewController.h */,
				71131D381C40C72D00E41DA5 /* CodeAutoLayoutViewController.m */,
				71131D391C40C72D00E41DA5 /* CodeAutoLayoutViewController.xib */,
			);
			path = CodeAutoLayout;
			sourceTree = "<group>";
		};
		71131D3C1C40CEDD00E41DA5 /* CheckNetwork */ = {
			isa = PBXGroup;
			children = (
				71131D421C40D4B700E41DA5 /* Reachability.h */,
				71131D431C40D4B700E41DA5 /* Reachability.m */,
				71131D3D1C40CEEE00E41DA5 /* CheckNetworkViewController.h */,
				71131D3E1C40CEEE00E41DA5 /* CheckNetworkViewController.m */,
			);
			path = CheckNetwork;
			sourceTree = "<group>";
		};
		7128D9511C4F500B00DDED05 /* ResponderChain */ = {
			isa = PBXGroup;
			children = (
				7128D9521C4F504100DDED05 /* UIView+ResponderChain.h */,
				7128D9531C4F504100DDED05 /* UIView+ResponderChain.m */,
				7128D9551C4F514300DDED05 /* AView.h */,
				7128D9561C4F514300DDED05 /* AView.m */,
				7128D9581C4F515300DDED05 /* BView.h */,
				7128D9591C4F515300DDED05 /* BView.m */,
				7128D95B1C4F515C00DDED05 /* CView.h */,
				7128D95C1C4F515C00DDED05 /* CView.m */,
				7128D95E1C4F516500DDED05 /* DView.h */,
				7128D95F1C4F516500DDED05 /* DView.m */,
				7128D9611C4F519E00DDED05 /* ResponderChainViewController.h */,
				7128D9621C4F519E00DDED05 /* ResponderChainViewController.m */,
				7128D9631C4F519E00DDED05 /* ResponderChainViewController.xib */,
			);
			path = ResponderChain;
			sourceTree = "<group>";
		};
		7128D9661C4F7B8D00DDED05 /* GeneratorSequence */ = {
			isa = PBXGroup;
			children = (
				7128D9671C4F7BAC00DDED05 /* GeneratorSequenceViewController.swift */,
			);
			path = GeneratorSequence;
			sourceTree = "<group>";
		};
		717D8EBE1C75A6B6007CB655 /* CAShapeLayer */ = {
			isa = PBXGroup;
			children = (
				717D8EBF1C75A6D9007CB655 /* CAShapeLayerViewController.h */,
				717D8EC01C75A6D9007CB655 /* CAShapeLayerViewController.m */,
			);
			path = CAShapeLayer;
			sourceTree = "<group>";
		};
		7186A6711C7701AB009B5E7A /* UIActivityIndicatorView */ = {
			isa = PBXGroup;
			children = (
				7186A6721C7701D0009B5E7A /* AlIndicator.h */,
				7186A6731C7701D0009B5E7A /* AlIndicator.m */,
			);
			path = UIActivityIndicatorView;
			sourceTree = "<group>";
		};
		7188A0A21C448C4600027977 /* CoreData */ = {
			isa = PBXGroup;
			children = (
				7188A0A31C448C6400027977 /* Model.xcdatamodeld */,
				7188A0A61C448E7700027977 /* CoreDataViewController.h */,
				7188A0A71C448E7700027977 /* CoreDataViewController.m */,
				7188A0C31C44975800027977 /* Person+CoreDataProperties.h */,
				7188A0C41C44975800027977 /* Person+CoreDataProperties.m */,
				7188A0C51C44975800027977 /* Person.h */,
				7188A0C61C44975800027977 /* Person.m */,
				7188A0C71C44975800027977 /* Card+CoreDataProperties.h */,
				7188A0C81C44975800027977 /* Card+CoreDataProperties.m */,
				7188A0C91C44975800027977 /* Card.h */,
				7188A0CA1C44975800027977 /* Card.m */,
			);
			path = CoreData;
			sourceTree = "<group>";
		};
		71C765B11C4344E900E6CA12 /* UINavigationBar */ = {
			isa = PBXGroup;
			children = (
				71C765C51C4349F100E6CA12 /* appcoda-logo.png */,
				71C765C61C4349F100E6CA12 /* appcoda-logo@2x.png */,
				71C765C11C4348E000E6CA12 /* back_btn.png */,
				71C765C21C4348E000E6CA12 /* back_btn@2x.png */,
				71C765BE1C43484500E6CA12 /* nav_bg.png */,
				71C765BA1C43481200E6CA12 /* nav_bg@2x.png */,
				71C765BD1C43484500E6CA12 /* nav_bg_ios7.png */,
				71C765B91C43481200E6CA12 /* nav_bg_ios7@2x.png */,
				71C765B21C43450200E6CA12 /* UINavigationBarViewController.h */,
				71C765B31C43450200E6CA12 /* UINavigationBarViewController.m */,
			);
			path = UINavigationBar;
			sourceTree = "<group>";
		};
		71C765FC1C4381FD00E6CA12 /* Supporting Files */ = {
			isa = PBXGroup;
			children = (
				71C765FD1C4381FD00E6CA12 /* Assets.xcassets */,
				71C765FE1C4381FD00E6CA12 /* LaunchScreen.storyboard */,
				71C766001C4381FD00E6CA12 /* Main.storyboard */,
				71C766021C4381FD00E6CA12 /* Info.plist */,
				71C766031C4381FD00E6CA12 /* main.m */,
			);
			path = "Supporting Files";
			sourceTree = "<group>";
		};
		71C7660F1C43920000E6CA12 /* NSURLConnection */ = {
			isa = PBXGroup;
			children = (
				71C766101C43920000E6CA12 /* NSURLConnectionViewController.h */,
				71C766111C43920000E6CA12 /* NSURLConnectionViewController.m */,
			);
			path = NSURLConnection;
			sourceTree = "<group>";
		};
		71C766141C439EBA00E6CA12 /* APNS */ = {
			isa = PBXGroup;
			children = (
				71C766151C439EC900E6CA12 /* APNSViewController.h */,
				71C766161C439EC900E6CA12 /* APNSViewController.m */,
			);
			path = APNS;
			sourceTree = "<group>";
		};
		71CDD4BE1C4DD01000C8B3DE /* DeepSetting */ = {
			isa = PBXGroup;
			children = (
				71CDD4C01C4DD03200C8B3DE /* DeepSettingViewController.swift */,
			);
			path = DeepSetting;
			sourceTree = "<group>";
		};
		71CF7D761C56230C008A30BE /* Socket */ = {
			isa = PBXGroup;
			children = (
				71CF7D791C5623E9008A30BE /* TcpServer.m */,
				71CF7D7B1C562477008A30BE /* TcpClient.m */,
				71CF7D7D1C562510008A30BE /* UdpServer.m */,
				71CF7D7F1C562581008A30BE /* UdpClient.m */,
			);
			path = Socket;
			sourceTree = "<group>";
		};
		71D5D5B21C473D4600904EA1 /* CALayer */ = {
			isa = PBXGroup;
			children = (
				71D5D5B81C473FA700904EA1 /* contentsimg.jpg */,
				71D5D5B31C473D5C00904EA1 /* CALayerViewController.h */,
				71D5D5B41C473D5C00904EA1 /* CALayerViewController.m */,
				71CF7D681C55F3DF008A30BE /* calayer_avatar.png */,
				71CF7D691C55F3DF008A30BE /* calayer_background.jpg */,
				71CF7D6A1C55F3DF008A30BE /* KCLayer.h */,
				71CF7D6B1C55F3DF008A30BE /* KCLayer.m */,
				71CF7D6C1C55F3DF008A30BE /* KCView.h */,
				71CF7D6D1C55F3DF008A30BE /* KCView.m */,
				71CF7D6E1C55F3DF008A30BE /* AnimateLayerViewController.h */,
				71CF7D6F1C55F3DF008A30BE /* AnimateLayerViewController.m */,
			);
			path = CALayer;
			sourceTree = "<group>";
		};
		71D8F02F1C45EC3F00DF7EB5 /* NSXMLParser */ = {
			isa = PBXGroup;
			children = (
				71D8F0301C45EC3F00DF7EB5 /* NSXMLParserViewController.h */,
				71D8F0311C45EC3F00DF7EB5 /* NSXMLParserViewController.m */,
			);
			path = NSXMLParser;
			sourceTree = "<group>";
		};
		71D8F0331C46116C00DF7EB5 /* Mail */ = {
			isa = PBXGroup;
			children = (
				71D8F0391C46156500DF7EB5 /* serverStartup.pdf */,
				71D8F0371C46144500DF7EB5 /* addPic.jpg */,
				71D8F0341C46116C00DF7EB5 /* MailViewController.h */,
				71D8F0351C46116C00DF7EB5 /* MailViewController.m */,
			);
			path = Mail;
			sourceTree = "<group>";
		};
		71EB0B1C1C3F4DBF00290797 = {
			isa = PBXGroup;
			children = (
				71C766091C43823900E6CA12 /* AppDelegate.h */,
				71C7660A1C43823900E6CA12 /* AppDelegate.m */,
				71C7660B1C43823900E6CA12 /* ViewController.h */,
				71C7660C1C43823900E6CA12 /* ViewController.m */,
				71CDD4C21C4DD05E00C8B3DE /* CodeSnippets-Bridging-Header.h */,
				71EB0B271C3F4DC000290797 /* CodeSnippets */,
				71C765FC1C4381FD00E6CA12 /* Supporting Files */,
				71EB0B261C3F4DC000290797 /* Products */,
			);
			sourceTree = "<group>";
		};
		71EB0B261C3F4DC000290797 /* Products */ = {
			isa = PBXGroup;
			children = (
				71EB0B251C3F4DC000290797 /* CodeSnippets.app */,
			);
			name = Products;
			sourceTree = "<group>";
		};
		71EB0B271C3F4DC000290797 /* CodeSnippets */ = {
			isa = PBXGroup;
			children = (
				AE2F5C251CA29E7A00A01926 /* UILabel */,
				AE0260631CA00325007C770C /* UIKitAnimation */,
				AEE818621C9AA6C100FC4E22 /* AutoLayout */,
				7186A6711C7701AB009B5E7A /* UIActivityIndicatorView */,
				717D8EBE1C75A6B6007CB655 /* CAShapeLayer */,
				71CF7D761C56230C008A30BE /* Socket */,
				7104A5B01C505D090080610C /* Runtime */,
				7104A5A91C505A500080610C /* MethodSwizzling */,
				7128D9661C4F7B8D00DDED05 /* GeneratorSequence */,
				7128D9511C4F500B00DDED05 /* ResponderChain */,
				71CDD4BE1C4DD01000C8B3DE /* DeepSetting */,
				71D5D5B21C473D4600904EA1 /* CALayer */,
				71D8F0331C46116C00DF7EB5 /* Mail */,
				71D8F02F1C45EC3F00DF7EB5 /* NSXMLParser */,
				7188A0A21C448C4600027977 /* CoreData */,
				71C766141C439EBA00E6CA12 /* APNS */,
				71C7660F1C43920000E6CA12 /* NSURLConnection */,
				71C765B11C4344E900E6CA12 /* UINavigationBar */,
				71131D3C1C40CEDD00E41DA5 /* CheckNetwork */,
				71131D361C40C6AC00E41DA5 /* CodeAutoLayout */,
				71131D321C40BE4200E41DA5 /* DeleteCookieAndCache */,
				71131D261C40A26600E41DA5 /* UIScrollView */,
				71EB0B591C3FA5C100290797 /* DelaysContentTouches */,
				71EB0B451C3F4FAD00290797 /* UIImageViewMode */,
				71EB0B4C1C3F501B00290797 /* UIImagePickerController */,
				71EB0B4B1C3F501B00290797 /* InputAccessoryView */,
			);
			path = CodeSnippets;
			sourceTree = "<group>";
		};
		71EB0B451C3F4FAD00290797 /* UIImageViewMode */ = {
			isa = PBXGroup;
			children = (
				71EB0B471C3F4FAD00290797 /* uiimageviewmode.jpg */,
				71EB0B461C3F4FAD00290797 /* UIImageViewModeViewController.h */,
				71EB0B481C3F4FAD00290797 /* UIImageViewModeViewController.m */,
			);
			path = UIImageViewMode;
			sourceTree = "<group>";
		};
		71EB0B4B1C3F501B00290797 /* InputAccessoryView */ = {
			isa = PBXGroup;
			children = (
				71EB0B501C3F50A800290797 /* InputAccessoryTableViewCell.h */,
				71EB0B511C3F50A800290797 /* InputAccessoryTableViewCell.m */,
				71EB0B531C3F512000290797 /* InputAccessoryTableViewController.h */,
				71EB0B541C3F512000290797 /* InputAccessoryTableViewController.m */,
			);
			path = InputAccessoryView;
			sourceTree = "<group>";
		};
		71EB0B4C1C3F501B00290797 /* UIImagePickerController */ = {
			isa = PBXGroup;
			children = (
				71EB0B561C3F527D00290797 /* UIImagePickerViewController.h */,
				71EB0B571C3F527D00290797 /* UIImagePickerViewController.m */,
			);
			path = UIImagePickerController;
			sourceTree = "<group>";
		};
		71EB0B591C3FA5C100290797 /* DelaysContentTouches */ = {
			isa = PBXGroup;
			children = (
				71EB0B5D1C3FA73000290797 /* DelaysContentTouchesTableView.h */,
				71EB0B5E1C3FA73000290797 /* DelaysContentTouchesTableView.m */,
				71EB0B601C3FA89D00290797 /* DelaysContentTouchesTableViewCell.h */,
				71EB0B611C3FA89D00290797 /* DelaysContentTouchesTableViewCell.m */,
				71EB0B621C3FA89D00290797 /* DelaysContentTouchesTableViewCell.xib */,
				71EB0B651C3FA93F00290797 /* DelaysContentTouchesTableViewController.h */,
				71EB0B661C3FA93F00290797 /* DelaysContentTouchesTableViewController.m */,
				71EB0B671C3FA93F00290797 /* DelaysContentTouchesTableViewController.xib */,
			);
			path = DelaysContentTouches;
			sourceTree = "<group>";
		};
		AE0260631CA00325007C770C /* UIKitAnimation */ = {
			isa = PBXGroup;
			children = (
				AE0260641CA00325007C770C /* UIKitAnimation.storyboard */,
				AE0260651CA00325007C770C /* UIKitAnimation.xcassets */,
				AE0260661CA00325007C770C /* UIKitAnimationVC1.swift */,
				AE0260671CA00325007C770C /* UIKitAnimationVC2.swift */,
				AE0260681CA00325007C770C /* UIKitAnimationVC3.swift */,
				AE0260691CA00325007C770C /* UIKitAnimationVC4.swift */,
			);
			path = UIKitAnimation;
			sourceTree = "<group>";
		};
		AE2F5C251CA29E7A00A01926 /* UILabel */ = {
			isa = PBXGroup;
			children = (
				AE2F5C261CA29E9100A01926 /* UILabel+DynamicHeight.h */,
				AE2F5C271CA29E9100A01926 /* UILabel+DynamicHeight.m */,
			);
			path = UILabel;
			sourceTree = "<group>";
		};
		AEE818621C9AA6C100FC4E22 /* AutoLayout */ = {
			isa = PBXGroup;
			children = (
				AEE818631C9AA6C100FC4E22 /* EqualGap.storyboard */,
			);
			path = AutoLayout;
			sourceTree = "<group>";
		};
/* End PBXGroup section */

/* Begin PBXNativeTarget section */
		71EB0B241C3F4DC000290797 /* CodeSnippets */ = {
			isa = PBXNativeTarget;
			buildConfigurationList = 71EB0B3C1C3F4DC000290797 /* Build configuration list for PBXNativeTarget "CodeSnippets" */;
			buildPhases = (
				71EB0B211C3F4DC000290797 /* Sources */,
				71EB0B221C3F4DC000290797 /* Frameworks */,
				71EB0B231C3F4DC000290797 /* Resources */,
			);
			buildRules = (
			);
			dependencies = (
			);
			name = CodeSnippets;
			productName = CodeSnippets;
			productReference = 71EB0B251C3F4DC000290797 /* CodeSnippets.app */;
			productType = "com.apple.product-type.application";
		};
/* End PBXNativeTarget section */

/* Begin PBXProject section */
		71EB0B1D1C3F4DBF00290797 /* Project object */ = {
			isa = PBXProject;
			attributes = {
				LastSwiftMigration = 0720;
				LastUpgradeCheck = 0710;
				ORGANIZATIONNAME = GeekRRK;
				TargetAttributes = {
					71EB0B241C3F4DC000290797 = {
						CreatedOnToolsVersion = 7.1.1;
						DevelopmentTeam = B5BXCD45E5;
					};
				};
			};
			buildConfigurationList = 71EB0B201C3F4DBF00290797 /* Build configuration list for PBXProject "CodeSnippets" */;
			compatibilityVersion = "Xcode 3.2";
			developmentRegion = English;
			hasScannedForEncodings = 0;
			knownRegions = (
				en,
				Base,
			);
			mainGroup = 71EB0B1C1C3F4DBF00290797;
			productRefGroup = 71EB0B261C3F4DC000290797 /* Products */;
			projectDirPath = "";
			projectRoot = "";
			targets = (
				71EB0B241C3F4DC000290797 /* CodeSnippets */,
			);
		};
/* End PBXProject section */

/* Begin PBXResourcesBuildPhase section */
		71EB0B231C3F4DC000290797 /* Resources */ = {
			isa = PBXResourcesBuildPhase;
			buildActionMask = 2147483647;
			files = (
				71131D311C40A59C00E41DA5 /* scrollImg4.png in Resources */,
				71CF7D721C55F3DF008A30BE /* calayer_background.jpg in Resources */,
				71C765C81C4349F100E6CA12 /* appcoda-logo@2x.png in Resources */,
				71C765C31C4348E000E6CA12 /* back_btn.png in Resources */,
				71EB0B491C3F4FAD00290797 /* uiimageviewmode.jpg in Resources */,
				71131D3B1C40C72D00E41DA5 /* CodeAutoLayoutViewController.xib in Resources */,
				AEE818641C9AA6C100FC4E22 /* EqualGap.storyboard in Resources */,
				71D8F0381C46144500DF7EB5 /* addPic.jpg in Resources */,
				71EB0B641C3FA89D00290797 /* DelaysContentTouchesTableViewCell.xib in Resources */,
				71C766041C4381FD00E6CA12 /* Assets.xcassets in Resources */,
				71131D301C40A59C00E41DA5 /* scrollImg3.png in Resources */,
				AE02606B1CA00325007C770C /* UIKitAnimation.xcassets in Resources */,
				71C766071C4381FD00E6CA12 /* Info.plist in Resources */,
				71C765BF1C43484500E6CA12 /* nav_bg_ios7.png in Resources */,
				71CF7D711C55F3DF008A30BE /* calayer_avatar.png in Resources */,
				AE02606A1CA00325007C770C /* UIKitAnimation.storyboard in Resources */,
				71C766051C4381FD00E6CA12 /* LaunchScreen.storyboard in Resources */,
				71C765C41C4348E000E6CA12 /* back_btn@2x.png in Resources */,
				71C765BC1C43481200E6CA12 /* nav_bg@2x.png in Resources */,
				71C765C01C43484500E6CA12 /* nav_bg.png in Resources */,
				71D8F03A1C46156500DF7EB5 /* serverStartup.pdf in Resources */,
				71C765C71C4349F100E6CA12 /* appcoda-logo.png in Resources */,
				71C765BB1C43481200E6CA12 /* nav_bg_ios7@2x.png in Resources */,
				7128D9651C4F519E00DDED05 /* ResponderChainViewController.xib in Resources */,
				71D5D5B91C473FA700904EA1 /* contentsimg.jpg in Resources */,
				71131D2E1C40A59C00E41DA5 /* scrollImg1.png in Resources */,
				71EB0B691C3FA93F00290797 /* DelaysContentTouchesTableViewController.xib in Resources */,
				71C766061C4381FD00E6CA12 /* Main.storyboard in Resources */,
				71131D2F1C40A59C00E41DA5 /* scrollImg2.png in Resources */,
			);
			runOnlyForDeploymentPostprocessing = 0;
		};
/* End PBXResourcesBuildPhase section */

/* Begin PBXSourcesBuildPhase section */
		71EB0B211C3F4DC000290797 /* Sources */ = {
			isa = PBXSourcesBuildPhase;
			buildActionMask = 2147483647;
			files = (
				7128D95D1C4F515C00DDED05 /* CView.m in Sources */,
				71C7660E1C43823900E6CA12 /* ViewController.m in Sources */,
				71EB0B681C3FA93F00290797 /* DelaysContentTouchesTableViewController.m in Sources */,
				71D8F0321C45EC3F00DF7EB5 /* NSXMLParserViewController.m in Sources */,
				AE2F5C281CA29E9100A01926 /* UILabel+DynamicHeight.m in Sources */,
				AE02606C1CA00325007C770C /* UIKitAnimationVC1.swift in Sources */,
				7188A0CC1C44975800027977 /* Person.m in Sources */,
				71131D351C40BF0D00E41DA5 /* DeleteCookieAndCacheViewController.m in Sources */,
				7128D9601C4F516500DDED05 /* DView.m in Sources */,
				71EB0B4A1C3F4FAD00290797 /* UIImageViewModeViewController.m in Sources */,
				71C766121C43920000E6CA12 /* NSURLConnectionViewController.m in Sources */,
				71CF7D7A1C5623E9008A30BE /* TcpServer.m in Sources */,
				AE02606F1CA00325007C770C /* UIKitAnimationVC4.swift in Sources */,
				71CF7D801C562581008A30BE /* UdpClient.m in Sources */,
				71C7660D1C43823900E6CA12 /* AppDelegate.m in Sources */,
				71131D441C40D4B700E41DA5 /* Reachability.m in Sources */,
				71CF7D731C55F3DF008A30BE /* KCLayer.m in Sources */,
				7104A5AC1C505A680080610C /* MethodSwizzlingViewController.m in Sources */,
				71131D3F1C40CEEE00E41DA5 /* CheckNetworkViewController.m in Sources */,
				71131D291C40A29500E41DA5 /* ScrollViewController.m in Sources */,
				7128D95A1C4F515300DDED05 /* BView.m in Sources */,
				71EB0B551C3F512000290797 /* InputAccessoryTableViewController.m in Sources */,
				AE02606E1CA00325007C770C /* UIKitAnimationVC3.swift in Sources */,
				7188A0CE1C44975800027977 /* Card.m in Sources */,
				7104A5B31C505F2E0080610C /* RuntimeViewController.m in Sources */,
				71C766171C439EC900E6CA12 /* APNSViewController.m in Sources */,
				71EB0B5F1C3FA73000290797 /* DelaysContentTouchesTableView.m in Sources */,
				71C765B41C43450200E6CA12 /* UINavigationBarViewController.m in Sources */,
				7188A0A81C448E7700027977 /* CoreDataViewController.m in Sources */,
				7104A5AF1C505A9A0080610C /* UIViewController+Tracking.m in Sources */,
				71C766081C4381FD00E6CA12 /* main.m in Sources */,
				7128D9571C4F514300DDED05 /* AView.m in Sources */,
				7128D9541C4F504100DDED05 /* UIView+ResponderChain.m in Sources */,
				71CF7D7C1C562477008A30BE /* TcpClient.m in Sources */,
				71EB0B631C3FA89D00290797 /* DelaysContentTouchesTableViewCell.m in Sources */,
				71131D3A1C40C72D00E41DA5 /* CodeAutoLayoutViewController.m in Sources */,
				717D8EC11C75A6D9007CB655 /* CAShapeLayerViewController.m in Sources */,
				71EB0B581C3F527D00290797 /* UIImagePickerViewController.m in Sources */,
				7186A6741C7701D0009B5E7A /* AlIndicator.m in Sources */,
				7104A5B91C5064BA0080610C /* RuntimeClassVC.m in Sources */,
				71CF7D741C55F3DF008A30BE /* KCView.m in Sources */,
				71D8F0361C46116C00DF7EB5 /* MailViewController.m in Sources */,
				71D5D5B51C473D5C00904EA1 /* CALayerViewController.m in Sources */,
				7188A0A51C448C6400027977 /* Model.xcdatamodeld in Sources */,
				7188A0CB1C44975800027977 /* Person+CoreDataProperties.m in Sources */,
				71CDD4C11C4DD03200C8B3DE /* DeepSettingViewController.swift in Sources */,
				7128D9681C4F7BAC00DDED05 /* GeneratorSequenceViewController.swift in Sources */,
				7128D9641C4F519E00DDED05 /* ResponderChainViewController.m in Sources */,
				AE02606D1CA00325007C770C /* UIKitAnimationVC2.swift in Sources */,
				71CF7D751C55F3DF008A30BE /* AnimateLayerViewController.m in Sources */,
				71CF7D7E1C562510008A30BE /* UdpServer.m in Sources */,
				71EB0B521C3F50A800290797 /* InputAccessoryTableViewCell.m in Sources */,
				7188A0CD1C44975800027977 /* Card+CoreDataProperties.m in Sources */,
			);
			runOnlyForDeploymentPostprocessing = 0;
		};
/* End PBXSourcesBuildPhase section */

/* Begin PBXVariantGroup section */
		71C765FE1C4381FD00E6CA12 /* LaunchScreen.storyboard */ = {
			isa = PBXVariantGroup;
			children = (
				71C765FF1C4381FD00E6CA12 /* Base */,
			);
			name = LaunchScreen.storyboard;
			sourceTree = "<group>";
		};
		71C766001C4381FD00E6CA12 /* Main.storyboard */ = {
			isa = PBXVariantGroup;
			children = (
				71C766011C4381FD00E6CA12 /* Base */,
			);
			name = Main.storyboard;
			sourceTree = "<group>";
		};
/* End PBXVariantGroup section */

/* Begin XCBuildConfiguration section */
		71EB0B3A1C3F4DC000290797 /* Debug */ = {
			isa = XCBuildConfiguration;
			buildSettings = {
				ALWAYS_SEARCH_USER_PATHS = NO;
				CLANG_CXX_LANGUAGE_STANDARD = "gnu++0x";
				CLANG_CXX_LIBRARY = "libc++";
				CLANG_ENABLE_MODULES = YES;
				CLANG_ENABLE_OBJC_ARC = YES;
				CLANG_WARN_BOOL_CONVERSION = YES;
				CLANG_WARN_CONSTANT_CONVERSION = YES;
				CLANG_WARN_DIRECT_OBJC_ISA_USAGE = YES_ERROR;
				CLANG_WARN_EMPTY_BODY = YES;
				CLANG_WARN_ENUM_CONVERSION = YES;
				CLANG_WARN_INT_CONVERSION = YES;
				CLANG_WARN_OBJC_ROOT_CLASS = YES_ERROR;
				CLANG_WARN_UNREACHABLE_CODE = YES;
				CLANG_WARN__DUPLICATE_METHOD_MATCH = YES;
				"CODE_SIGN_IDENTITY[sdk=iphoneos*]" = "iPhone Developer";
				COPY_PHASE_STRIP = NO;
				DEBUG_INFORMATION_FORMAT = dwarf;
				ENABLE_STRICT_OBJC_MSGSEND = YES;
				ENABLE_TESTABILITY = YES;
				GCC_C_LANGUAGE_STANDARD = gnu99;
				GCC_DYNAMIC_NO_PIC = NO;
				GCC_NO_COMMON_BLOCKS = YES;
				GCC_OPTIMIZATION_LEVEL = 0;
				GCC_PREPROCESSOR_DEFINITIONS = (
					"DEBUG=1",
					"$(inherited)",
				);
				GCC_WARN_64_TO_32_BIT_CONVERSION = YES;
				GCC_WARN_ABOUT_RETURN_TYPE = YES_ERROR;
				GCC_WARN_UNDECLARED_SELECTOR = YES;
				GCC_WARN_UNINITIALIZED_AUTOS = YES_AGGRESSIVE;
				GCC_WARN_UNUSED_FUNCTION = YES;
				GCC_WARN_UNUSED_VARIABLE = YES;
				IPHONEOS_DEPLOYMENT_TARGET = 9.1;
				MTL_ENABLE_DEBUG_INFO = YES;
				ONLY_ACTIVE_ARCH = YES;
				SDKROOT = iphoneos;
				TARGETED_DEVICE_FAMILY = "1,2";
			};
			name = Debug;
		};
		71EB0B3B1C3F4DC000290797 /* Release */ = {
			isa = XCBuildConfiguration;
			buildSettings = {
				ALWAYS_SEARCH_USER_PATHS = NO;
				CLANG_CXX_LANGUAGE_STANDARD = "gnu++0x";
				CLANG_CXX_LIBRARY = "libc++";
				CLANG_ENABLE_MODULES = YES;
				CLANG_ENABLE_OBJC_ARC = YES;
				CLANG_WARN_BOOL_CONVERSION = YES;
				CLANG_WARN_CONSTANT_CONVERSION = YES;
				CLANG_WARN_DIRECT_OBJC_ISA_USAGE = YES_ERROR;
				CLANG_WARN_EMPTY_BODY = YES;
				CLANG_WARN_ENUM_CONVERSION = YES;
				CLANG_WARN_INT_CONVERSION = YES;
				CLANG_WARN_OBJC_ROOT_CLASS = YES_ERROR;
				CLANG_WARN_UNREACHABLE_CODE = YES;
				CLANG_WARN__DUPLICATE_METHOD_MATCH = YES;
				"CODE_SIGN_IDENTITY[sdk=iphoneos*]" = "iPhone Developer";
				COPY_PHASE_STRIP = NO;
				DEBUG_INFORMATION_FORMAT = "dwarf-with-dsym";
				ENABLE_NS_ASSERTIONS = NO;
				ENABLE_STRICT_OBJC_MSGSEND = YES;
				GCC_C_LANGUAGE_STANDARD = gnu99;
				GCC_NO_COMMON_BLOCKS = YES;
				GCC_WARN_64_TO_32_BIT_CONVERSION = YES;
				GCC_WARN_ABOUT_RETURN_TYPE = YES_ERROR;
				GCC_WARN_UNDECLARED_SELECTOR = YES;
				GCC_WARN_UNINITIALIZED_AUTOS = YES_AGGRESSIVE;
				GCC_WARN_UNUSED_FUNCTION = YES;
				GCC_WARN_UNUSED_VARIABLE = YES;
				IPHONEOS_DEPLOYMENT_TARGET = 9.1;
				MTL_ENABLE_DEBUG_INFO = NO;
				SDKROOT = iphoneos;
				TARGETED_DEVICE_FAMILY = "1,2";
				VALIDATE_PRODUCT = YES;
			};
			name = Release;
		};
		71EB0B3D1C3F4DC000290797 /* Debug */ = {
			isa = XCBuildConfiguration;
			buildSettings = {
				ASSETCATALOG_COMPILER_APPICON_NAME = AppIcon;
				CLANG_ENABLE_MODULES = YES;
				CODE_SIGN_IDENTITY = "iPhone Developer";
				"CODE_SIGN_IDENTITY[sdk=iphoneos*]" = "iPhone Developer";
				DEFINES_MODULE = YES;
				INFOPLIST_FILE = "$(SRCROOT)/Supporting Files/Info.plist";
				IPHONEOS_DEPLOYMENT_TARGET = 7.0;
				LD_RUNPATH_SEARCH_PATHS = "$(inherited) @executable_path/Frameworks";
				PRODUCT_BUNDLE_IDENTIFIER = com.GeekRRK.CodeSnippets;
				PRODUCT_NAME = "$(TARGET_NAME)";
				PROVISIONING_PROFILE = "";
				SWIFT_OBJC_BRIDGING_HEADER = "CodeSnippets-Bridging-Header.h";
				SWIFT_OPTIMIZATION_LEVEL = "-Onone";
			};
			name = Debug;
		};
		71EB0B3E1C3F4DC000290797 /* Release */ = {
			isa = XCBuildConfiguration;
			buildSettings = {
				ASSETCATALOG_COMPILER_APPICON_NAME = AppIcon;
				CLANG_ENABLE_MODULES = YES;
				CODE_SIGN_IDENTITY = "iPhone Developer";
				"CODE_SIGN_IDENTITY[sdk=iphoneos*]" = "iPhone Developer";
				DEFINES_MODULE = YES;
				INFOPLIST_FILE = "$(SRCROOT)/Supporting Files/Info.plist";
				IPHONEOS_DEPLOYMENT_TARGET = 7.0;
				LD_RUNPATH_SEARCH_PATHS = "$(inherited) @executable_path/Frameworks";
				PRODUCT_BUNDLE_IDENTIFIER = com.GeekRRK.CodeSnippets;
				PRODUCT_NAME = "$(TARGET_NAME)";
				PROVISIONING_PROFILE = "";
				SWIFT_OBJC_BRIDGING_HEADER = "CodeSnippets-Bridging-Header.h";
			};
			name = Release;
		};
/* End XCBuildConfiguration section */

/* Begin XCConfigurationList section */
		71EB0B201C3F4DBF00290797 /* Build configuration list for PBXProject "CodeSnippets" */ = {
			isa = XCConfigurationList;
			buildConfigurations = (
				71EB0B3A1C3F4DC000290797 /* Debug */,
				71EB0B3B1C3F4DC000290797 /* Release */,
			);
			defaultConfigurationIsVisible = 0;
			defaultConfigurationName = Release;
		};
		71EB0B3C1C3F4DC000290797 /* Build configuration list for PBXNativeTarget "CodeSnippets" */ = {
			isa = XCConfigurationList;
			buildConfigurations = (
				71EB0B3D1C3F4DC000290797 /* Debug */,
				71EB0B3E1C3F4DC000290797 /* Release */,
			);
			defaultConfigurationIsVisible = 0;
			defaultConfigurationName = Release;
		};
/* End XCConfigurationList section */

/* Begin XCVersionGroup section */
		7188A0A31C448C6400027977 /* Model.xcdatamodeld */ = {
			isa = XCVersionGroup;
			children = (
				7188A0A41C448C6400027977 /* Model.xcdatamodel */,
			);
			currentVersion = 7188A0A41C448C6400027977 /* Model.xcdatamodel */;
			path = Model.xcdatamodeld;
			sourceTree = "<group>";
			versionGroupType = wrapper.xcdatamodel;
		};
/* End XCVersionGroup section */
	};
	rootObject = 71EB0B1D1C3F4DBF00290797 /* Project object */;
}
